// !$*UTF8*$!
{
	archiveVersion = 1;
	classes = {
	};
	objectVersion = 56;
	objects = {

/* Begin PBXBuildFile section */
		1E135DDD2BA9777500E860E7 /* IconsType.swift in Sources */ = {isa = PBXBuildFile; fileRef = 1E135DDC2BA9777500E860E7 /* IconsType.swift */; };
		1E135DE02BA9838800E860E7 /* Kingfisher in Frameworks */ = {isa = PBXBuildFile; productRef = 1E135DDF2BA9838800E860E7 /* Kingfisher */; };
		1E135DE22BAC37E600E860E7 /* HourCollectionView.swift in Sources */ = {isa = PBXBuildFile; fileRef = 1E135DE12BAC37E600E860E7 /* HourCollectionView.swift */; };
		1E135DE42BAC3ABD00E860E7 /* HeaderReuseView.swift in Sources */ = {isa = PBXBuildFile; fileRef = 1E135DE32BAC3ABD00E860E7 /* HeaderReuseView.swift */; };
		1E537C0B2B9DD51D003D66BF /* GreenViewController.swift in Sources */ = {isa = PBXBuildFile; fileRef = 1E537C0A2B9DD51D003D66BF /* GreenViewController.swift */; };
		1E537C0F2B9DF01F003D66BF /* CityCollectionView.swift in Sources */ = {isa = PBXBuildFile; fileRef = 1E537C0E2B9DF01F003D66BF /* CityCollectionView.swift */; };
		1E537C112B9ED90B003D66BF /* UIButton - Extension.swift in Sources */ = {isa = PBXBuildFile; fileRef = 1E537C102B9ED90B003D66BF /* UIButton - Extension.swift */; };
		1E537C1C2BA01F32003D66BF /* poppins-regular.ttf in Resources */ = {isa = PBXBuildFile; fileRef = 1E537C192BA01F32003D66BF /* poppins-regular.ttf */; };
		1E537C1D2BA01F32003D66BF /* poppins-medium.ttf in Resources */ = {isa = PBXBuildFile; fileRef = 1E537C1A2BA01F32003D66BF /* poppins-medium.ttf */; };
		1E537C1E2BA01F32003D66BF /* poppins-bold.ttf in Resources */ = {isa = PBXBuildFile; fileRef = 1E537C1B2BA01F32003D66BF /* poppins-bold.ttf */; };
		1E537C252BA41CD6003D66BF /* SVGKit in Frameworks */ = {isa = PBXBuildFile; productRef = 1E537C242BA41CD6003D66BF /* SVGKit */; };
		1E537C272BA41CD6003D66BF /* SVGKitSwift in Frameworks */ = {isa = PBXBuildFile; productRef = 1E537C262BA41CD6003D66BF /* SVGKitSwift */; };
		1E7DC1212B97633D00295215 /* AppDelegate.swift in Sources */ = {isa = PBXBuildFile; fileRef = 1E7DC1202B97633D00295215 /* AppDelegate.swift */; };
		1E7DC1232B97633D00295215 /* SceneDelegate.swift in Sources */ = {isa = PBXBuildFile; fileRef = 1E7DC1222B97633D00295215 /* SceneDelegate.swift */; };
		1E7DC1252B97633D00295215 /* MainViewController.swift in Sources */ = {isa = PBXBuildFile; fileRef = 1E7DC1242B97633D00295215 /* MainViewController.swift */; };
		1E7DC12A2B97634000295215 /* Assets.xcassets in Resources */ = {isa = PBXBuildFile; fileRef = 1E7DC1292B97634000295215 /* Assets.xcassets */; };
		1E7DC12D2B97634000295215 /* LaunchScreen.storyboard in Resources */ = {isa = PBXBuildFile; fileRef = 1E7DC12B2B97634000295215 /* LaunchScreen.storyboard */; };
		1E7DC1382B97659F00295215 /* NetworkManager.swift in Sources */ = {isa = PBXBuildFile; fileRef = 1E7DC1372B97659F00295215 /* NetworkManager.swift */; };
		1E7DC13C2B97749700295215 /* APIType.swift in Sources */ = {isa = PBXBuildFile; fileRef = 1E7DC13B2B97749700295215 /* APIType.swift */; };
		1E7DC13E2B98C2B900295215 /* ForecastModel.swift in Sources */ = {isa = PBXBuildFile; fileRef = 1E7DC13D2B98C2B900295215 /* ForecastModel.swift */; };
		1E7DC1402B9A2F2500295215 /* UIView - Extension.swift in Sources */ = {isa = PBXBuildFile; fileRef = 1E7DC13F2B9A2F2500295215 /* UIView - Extension.swift */; };
		1E7DC1452B9A332700295215 /* CityView.swift in Sources */ = {isa = PBXBuildFile; fileRef = 1E7DC1442B9A332700295215 /* CityView.swift */; };
		1E7DC14A2B9A37E000295215 /* CityCollectionCell.swift in Sources */ = {isa = PBXBuildFile; fileRef = 1E7DC1492B9A37E000295215 /* CityCollectionCell.swift */; };
		1E7DC1502B9AD98500295215 /* UILabel - Extension.swift in Sources */ = {isa = PBXBuildFile; fileRef = 1E7DC14F2B9AD98500295215 /* UILabel - Extension.swift */; };
		1E7DC1592B9B0D6300295215 /* HourCollectionCell.swift in Sources */ = {isa = PBXBuildFile; fileRef = 1E7DC1582B9B0D6300295215 /* HourCollectionCell.swift */; };
/* End PBXBuildFile section */

/* Begin PBXFileReference section */
		1E135DDC2BA9777500E860E7 /* IconsType.swift */ = {isa = PBXFileReference; lastKnownFileType = sourcecode.swift; path = IconsType.swift; sourceTree = "<group>"; };
		1E135DE12BAC37E600E860E7 /* HourCollectionView.swift */ = {isa = PBXFileReference; lastKnownFileType = sourcecode.swift; path = HourCollectionView.swift; sourceTree = "<group>"; };
		1E135DE32BAC3ABD00E860E7 /* HeaderReuseView.swift */ = {isa = PBXFileReference; lastKnownFileType = sourcecode.swift; path = HeaderReuseView.swift; sourceTree = "<group>"; };
		1E537C0A2B9DD51D003D66BF /* GreenViewController.swift */ = {isa = PBXFileReference; lastKnownFileType = sourcecode.swift; path = GreenViewController.swift; sourceTree = "<group>"; };
		1E537C0E2B9DF01F003D66BF /* CityCollectionView.swift */ = {isa = PBXFileReference; lastKnownFileType = sourcecode.swift; path = CityCollectionView.swift; sourceTree = "<group>"; };
		1E537C102B9ED90B003D66BF /* UIButton - Extension.swift */ = {isa = PBXFileReference; lastKnownFileType = sourcecode.swift; path = "UIButton - Extension.swift"; sourceTree = "<group>"; };
		1E537C192BA01F32003D66BF /* poppins-regular.ttf */ = {isa = PBXFileReference; lastKnownFileType = file; name = "poppins-regular.ttf"; path = "../../../../../Library/Mobile Documents/com~apple~CloudDocs/MacBook/Development/Fonts/poppins-regular.ttf"; sourceTree = "<group>"; };
		1E537C1A2BA01F32003D66BF /* poppins-medium.ttf */ = {isa = PBXFileReference; lastKnownFileType = file; name = "poppins-medium.ttf"; path = "../../../../../Library/Mobile Documents/com~apple~CloudDocs/MacBook/Development/Fonts/poppins-medium.ttf"; sourceTree = "<group>"; };
		1E537C1B2BA01F32003D66BF /* poppins-bold.ttf */ = {isa = PBXFileReference; lastKnownFileType = file; name = "poppins-bold.ttf"; path = "../../../../../Library/Mobile Documents/com~apple~CloudDocs/MacBook/Development/Fonts/poppins-bold.ttf"; sourceTree = "<group>"; };
		1E7DC11D2B97633D00295215 /* iWeather.app */ = {isa = PBXFileReference; explicitFileType = wrapper.application; includeInIndex = 0; path = iWeather.app; sourceTree = BUILT_PRODUCTS_DIR; };
		1E7DC1202B97633D00295215 /* AppDelegate.swift */ = {isa = PBXFileReference; lastKnownFileType = sourcecode.swift; path = AppDelegate.swift; sourceTree = "<group>"; };
		1E7DC1222B97633D00295215 /* SceneDelegate.swift */ = {isa = PBXFileReference; lastKnownFileType = sourcecode.swift; path = SceneDelegate.swift; sourceTree = "<group>"; };
		1E7DC1242B97633D00295215 /* MainViewController.swift */ = {isa = PBXFileReference; lastKnownFileType = sourcecode.swift; path = MainViewController.swift; sourceTree = "<group>"; };
		1E7DC1292B97634000295215 /* Assets.xcassets */ = {isa = PBXFileReference; lastKnownFileType = folder.assetcatalog; path = Assets.xcassets; sourceTree = "<group>"; };
		1E7DC12C2B97634000295215 /* Base */ = {isa = PBXFileReference; lastKnownFileType = file.storyboard; name = Base; path = Base.lproj/LaunchScreen.storyboard; sourceTree = "<group>"; };
		1E7DC12E2B97634000295215 /* Info.plist */ = {isa = PBXFileReference; lastKnownFileType = text.plist.xml; path = Info.plist; sourceTree = "<group>"; };
		1E7DC1372B97659F00295215 /* NetworkManager.swift */ = {isa = PBXFileReference; lastKnownFileType = sourcecode.swift; path = NetworkManager.swift; sourceTree = "<group>"; };
		1E7DC13B2B97749700295215 /* APIType.swift */ = {isa = PBXFileReference; lastKnownFileType = sourcecode.swift; path = APIType.swift; sourceTree = "<group>"; };
		1E7DC13D2B98C2B900295215 /* ForecastModel.swift */ = {isa = PBXFileReference; lastKnownFileType = sourcecode.swift; path = ForecastModel.swift; sourceTree = "<group>"; };
		1E7DC13F2B9A2F2500295215 /* UIView - Extension.swift */ = {isa = PBXFileReference; lastKnownFileType = sourcecode.swift; path = "UIView - Extension.swift"; sourceTree = "<group>"; };
		1E7DC1442B9A332700295215 /* CityView.swift */ = {isa = PBXFileReference; lastKnownFileType = sourcecode.swift; path = CityView.swift; sourceTree = "<group>"; };
		1E7DC1492B9A37E000295215 /* CityCollectionCell.swift */ = {isa = PBXFileReference; lastKnownFileType = sourcecode.swift; path = CityCollectionCell.swift; sourceTree = "<group>"; };
		1E7DC14F2B9AD98500295215 /* UILabel - Extension.swift */ = {isa = PBXFileReference; lastKnownFileType = sourcecode.swift; path = "UILabel - Extension.swift"; sourceTree = "<group>"; };
		1E7DC1582B9B0D6300295215 /* HourCollectionCell.swift */ = {isa = PBXFileReference; lastKnownFileType = sourcecode.swift; path = HourCollectionCell.swift; sourceTree = "<group>"; };
/* End PBXFileReference section */

/* Begin PBXFrameworksBuildPhase section */
		1E7DC11A2B97633D00295215 /* Frameworks */ = {
			isa = PBXFrameworksBuildPhase;
			buildActionMask = 2147483647;
			files = (
				1E135DE02BA9838800E860E7 /* Kingfisher in Frameworks */,
				1E537C272BA41CD6003D66BF /* SVGKitSwift in Frameworks */,
				1E537C252BA41CD6003D66BF /* SVGKit in Frameworks */,
			);
			runOnlyForDeploymentPostprocessing = 0;
		};
/* End PBXFrameworksBuildPhase section */

/* Begin PBXGroup section */
		1E537C092B9DD502003D66BF /* GreenViewController */ = {
			isa = PBXGroup;
			children = (
				1E537C0A2B9DD51D003D66BF /* GreenViewController.swift */,
			);
			path = GreenViewController;
			sourceTree = "<group>";
		};
		1E537C1F2BA023B7003D66BF /* Managers */ = {
			isa = PBXGroup;
			children = (
				1E7DC1362B97658100295215 /* Network */,
			);
			path = Managers;
			sourceTree = "<group>";
		};
		1E7DC1142B97633D00295215 = {
			isa = PBXGroup;
			children = (
				1E7DC11F2B97633D00295215 /* iWeather */,
				1E7DC11E2B97633D00295215 /* Products */,
			);
			sourceTree = "<group>";
		};
		1E7DC11E2B97633D00295215 /* Products */ = {
			isa = PBXGroup;
			children = (
				1E7DC11D2B97633D00295215 /* iWeather.app */,
			);
			name = Products;
			sourceTree = "<group>";
		};
		1E7DC11F2B97633D00295215 /* iWeather */ = {
			isa = PBXGroup;
			children = (
				1E537C1F2BA023B7003D66BF /* Managers */,
				1E7DC1462B9A378000295215 /* Screens */,
				1E7DC1352B9763BA00295215 /* Support */,
				1E7DC1342B9763B300295215 /* Application */,
			);
			path = iWeather;
			sourceTree = "<group>";
		};
		1E7DC1342B9763B300295215 /* Application */ = {
			isa = PBXGroup;
			children = (
				1E7DC1222B97633D00295215 /* SceneDelegate.swift */,
				1E7DC1202B97633D00295215 /* AppDelegate.swift */,
			);
			path = Application;
			sourceTree = "<group>";
		};
		1E7DC1352B9763BA00295215 /* Support */ = {
			isa = PBXGroup;
			children = (
				1E7DC1512B9ADF1E00295215 /* Font */,
				1E7DC1412B9A310400295215 /* Extension */,
				1E7DC12B2B97634000295215 /* LaunchScreen.storyboard */,
				1E7DC12E2B97634000295215 /* Info.plist */,
				1E7DC1292B97634000295215 /* Assets.xcassets */,
			);
			path = Support;
			sourceTree = "<group>";
		};
		1E7DC1362B97658100295215 /* Network */ = {
			isa = PBXGroup;
			children = (
				1E7DC13A2B97748600295215 /* Services */,
				1E7DC1392B97747400295215 /* Model */,
			);
			path = Network;
			sourceTree = "<group>";
		};
		1E7DC1392B97747400295215 /* Model */ = {
			isa = PBXGroup;
			children = (
				1E7DC13D2B98C2B900295215 /* ForecastModel.swift */,
			);
			path = Model;
			sourceTree = "<group>";
		};
		1E7DC13A2B97748600295215 /* Services */ = {
			isa = PBXGroup;
			children = (
				1E7DC1372B97659F00295215 /* NetworkManager.swift */,
				1E7DC13B2B97749700295215 /* APIType.swift */,
				1E135DDC2BA9777500E860E7 /* IconsType.swift */,
			);
			path = Services;
			sourceTree = "<group>";
		};
		1E7DC1412B9A310400295215 /* Extension */ = {
			isa = PBXGroup;
			children = (
				1E7DC13F2B9A2F2500295215 /* UIView - Extension.swift */,
				1E7DC14F2B9AD98500295215 /* UILabel - Extension.swift */,
				1E537C102B9ED90B003D66BF /* UIButton - Extension.swift */,
			);
			path = Extension;
			sourceTree = "<group>";
		};
		1E7DC1462B9A378000295215 /* Screens */ = {
			isa = PBXGroup;
			children = (
				1E537C092B9DD502003D66BF /* GreenViewController */,
				1E7DC1482B9A37C400295215 /* WeatherCollection */,
				1E7DC1472B9A37A900295215 /* MainView */,
			);
			path = Screens;
			sourceTree = "<group>";
		};
		1E7DC1472B9A37A900295215 /* MainView */ = {
			isa = PBXGroup;
			children = (
				1E7DC1242B97633D00295215 /* MainViewController.swift */,
				1E7DC1442B9A332700295215 /* CityView.swift */,
			);
			path = MainView;
			sourceTree = "<group>";
		};
		1E7DC1482B9A37C400295215 /* WeatherCollection */ = {
			isa = PBXGroup;
			children = (
				1E7DC1492B9A37E000295215 /* CityCollectionCell.swift */,
				1E7DC1582B9B0D6300295215 /* HourCollectionCell.swift */,
				1E537C0E2B9DF01F003D66BF /* CityCollectionView.swift */,
				1E135DE12BAC37E600E860E7 /* HourCollectionView.swift */,
				1E135DE32BAC3ABD00E860E7 /* HeaderReuseView.swift */,
			);
			path = WeatherCollection;
			sourceTree = "<group>";
		};
		1E7DC1512B9ADF1E00295215 /* Font */ = {
			isa = PBXGroup;
			children = (
				1E537C1B2BA01F32003D66BF /* poppins-bold.ttf */,
				1E537C1A2BA01F32003D66BF /* poppins-medium.ttf */,
				1E537C192BA01F32003D66BF /* poppins-regular.ttf */,
			);
			path = Font;
			sourceTree = "<group>";
		};
/* End PBXGroup section */

/* Begin PBXNativeTarget section */
		1E7DC11C2B97633D00295215 /* iWeather */ = {
			isa = PBXNativeTarget;
			buildConfigurationList = 1E7DC1312B97634000295215 /* Build configuration list for PBXNativeTarget "iWeather" */;
			buildPhases = (
				1E7DC1192B97633D00295215 /* Sources */,
				1E7DC11A2B97633D00295215 /* Frameworks */,
				1E7DC11B2B97633D00295215 /* Resources */,
			);
			buildRules = (
			);
			dependencies = (
			);
			name = iWeather;
			packageProductDependencies = (
				1E537C242BA41CD6003D66BF /* SVGKit */,
				1E537C262BA41CD6003D66BF /* SVGKitSwift */,
				1E135DDF2BA9838800E860E7 /* Kingfisher */,
			);
			productName = iWeather;
			productReference = 1E7DC11D2B97633D00295215 /* iWeather.app */;
			productType = "com.apple.product-type.application";
		};
/* End PBXNativeTarget section */

/* Begin PBXProject section */
		1E7DC1152B97633D00295215 /* Project object */ = {
			isa = PBXProject;
			attributes = {
				BuildIndependentTargetsInParallel = 1;
				LastSwiftUpdateCheck = 1520;
				LastUpgradeCheck = 1520;
				TargetAttributes = {
					1E7DC11C2B97633D00295215 = {
						CreatedOnToolsVersion = 15.2;
					};
				};
			};
			buildConfigurationList = 1E7DC1182B97633D00295215 /* Build configuration list for PBXProject "iWeather" */;
			compatibilityVersion = "Xcode 14.0";
			developmentRegion = en;
			hasScannedForEncodings = 0;
			knownRegions = (
				en,
				Base,
			);
			mainGroup = 1E7DC1142B97633D00295215;
			packageReferences = (
				1E537C232BA41CD6003D66BF /* XCRemoteSwiftPackageReference "SVGKit" */,
				1E135DDE2BA9838800E860E7 /* XCRemoteSwiftPackageReference "Kingfisher" */,
			);
			productRefGroup = 1E7DC11E2B97633D00295215 /* Products */;
			projectDirPath = "";
			projectRoot = "";
			targets = (
				1E7DC11C2B97633D00295215 /* iWeather */,
			);
		};
/* End PBXProject section */

/* Begin PBXResourcesBuildPhase section */
		1E7DC11B2B97633D00295215 /* Resources */ = {
			isa = PBXResourcesBuildPhase;
			buildActionMask = 2147483647;
			files = (
				1E7DC12D2B97634000295215 /* LaunchScreen.storyboard in Resources */,
				1E537C1D2BA01F32003D66BF /* poppins-medium.ttf in Resources */,
				1E537C1E2BA01F32003D66BF /* poppins-bold.ttf in Resources */,
				1E7DC12A2B97634000295215 /* Assets.xcassets in Resources */,
				1E537C1C2BA01F32003D66BF /* poppins-regular.ttf in Resources */,
			);
			runOnlyForDeploymentPostprocessing = 0;
		};
/* End PBXResourcesBuildPhase section */

/* Begin PBXSourcesBuildPhase section */
		1E7DC1192B97633D00295215 /* Sources */ = {
			isa = PBXSourcesBuildPhase;
			buildActionMask = 2147483647;
			files = (
				1E7DC1382B97659F00295215 /* NetworkManager.swift in Sources */,
				1E7DC1252B97633D00295215 /* MainViewController.swift in Sources */,
				1E537C0B2B9DD51D003D66BF /* GreenViewController.swift in Sources */,
				1E7DC1212B97633D00295215 /* AppDelegate.swift in Sources */,
				1E7DC1232B97633D00295215 /* SceneDelegate.swift in Sources */,
				1E7DC13E2B98C2B900295215 /* ForecastModel.swift in Sources */,
				1E537C0F2B9DF01F003D66BF /* CityCollectionView.swift in Sources */,
				1E135DDD2BA9777500E860E7 /* IconsType.swift in Sources */,
				1E135DE22BAC37E600E860E7 /* HourCollectionView.swift in Sources */,
				1E537C112B9ED90B003D66BF /* UIButton - Extension.swift in Sources */,
				1E7DC14A2B9A37E000295215 /* CityCollectionCell.swift in Sources */,
				1E7DC1402B9A2F2500295215 /* UIView - Extension.swift in Sources */,
				1E7DC1502B9AD98500295215 /* UILabel - Extension.swift in Sources */,
				1E7DC1592B9B0D6300295215 /* HourCollectionCell.swift in Sources */,
				1E135DE42BAC3ABD00E860E7 /* HeaderReuseView.swift in Sources */,
				1E7DC1452B9A332700295215 /* CityView.swift in Sources */,
				1E7DC13C2B97749700295215 /* APIType.swift in Sources */,
			);
			runOnlyForDeploymentPostprocessing = 0;
		};
/* End PBXSourcesBuildPhase section */

/* Begin PBXVariantGroup section */
		1E7DC12B2B97634000295215 /* LaunchScreen.storyboard */ = {
			isa = PBXVariantGroup;
			children = (
				1E7DC12C2B97634000295215 /* Base */,
			);
			name = LaunchScreen.storyboard;
			sourceTree = "<group>";
		};
/* End PBXVariantGroup section */

/* Begin XCBuildConfiguration section */
		1E7DC12F2B97634000295215 /* Debug */ = {
			isa = XCBuildConfiguration;
			buildSettings = {
				ALWAYS_SEARCH_USER_PATHS = NO;
				ASSETCATALOG_COMPILER_GENERATE_SWIFT_ASSET_SYMBOL_EXTENSIONS = YES;
				CLANG_ANALYZER_NONNULL = YES;
				CLANG_ANALYZER_NUMBER_OBJECT_CONVERSION = YES_AGGRESSIVE;
				CLANG_CXX_LANGUAGE_STANDARD = "gnu++20";
				CLANG_ENABLE_MODULES = YES;
				CLANG_ENABLE_OBJC_ARC = YES;
				CLANG_ENABLE_OBJC_WEAK = YES;
				CLANG_WARN_BLOCK_CAPTURE_AUTORELEASING = YES;
				CLANG_WARN_BOOL_CONVERSION = YES;
				CLANG_WARN_COMMA = YES;
				CLANG_WARN_CONSTANT_CONVERSION = YES;
				CLANG_WARN_DEPRECATED_OBJC_IMPLEMENTATIONS = YES;
				CLANG_WARN_DIRECT_OBJC_ISA_USAGE = YES_ERROR;
				CLANG_WARN_DOCUMENTATION_COMMENTS = YES;
				CLANG_WARN_EMPTY_BODY = YES;
				CLANG_WARN_ENUM_CONVERSION = YES;
				CLANG_WARN_INFINITE_RECURSION = YES;
				CLANG_WARN_INT_CONVERSION = YES;
				CLANG_WARN_NON_LITERAL_NULL_CONVERSION = YES;
				CLANG_WARN_OBJC_IMPLICIT_RETAIN_SELF = YES;
				CLANG_WARN_OBJC_LITERAL_CONVERSION = YES;
				CLANG_WARN_OBJC_ROOT_CLASS = YES_ERROR;
				CLANG_WARN_QUOTED_INCLUDE_IN_FRAMEWORK_HEADER = YES;
				CLANG_WARN_RANGE_LOOP_ANALYSIS = YES;
				CLANG_WARN_STRICT_PROTOTYPES = YES;
				CLANG_WARN_SUSPICIOUS_MOVE = YES;
				CLANG_WARN_UNGUARDED_AVAILABILITY = YES_AGGRESSIVE;
				CLANG_WARN_UNREACHABLE_CODE = YES;
				CLANG_WARN__DUPLICATE_METHOD_MATCH = YES;
				COPY_PHASE_STRIP = NO;
				DEBUG_INFORMATION_FORMAT = dwarf;
				ENABLE_STRICT_OBJC_MSGSEND = YES;
				ENABLE_TESTABILITY = YES;
				ENABLE_USER_SCRIPT_SANDBOXING = YES;
				GCC_C_LANGUAGE_STANDARD = gnu17;
				GCC_DYNAMIC_NO_PIC = NO;
				GCC_NO_COMMON_BLOCKS = YES;
				GCC_OPTIMIZATION_LEVEL = 0;
				GCC_PREPROCESSOR_DEFINITIONS = (
					"DEBUG=1",
					"$(inherited)",
				);
				GCC_WARN_64_TO_32_BIT_CONVERSION = YES;
				GCC_WARN_ABOUT_RETURN_TYPE = YES_ERROR;
				GCC_WARN_UNDECLARED_SELECTOR = YES;
				GCC_WARN_UNINITIALIZED_AUTOS = YES_AGGRESSIVE;
				GCC_WARN_UNUSED_FUNCTION = YES;
				GCC_WARN_UNUSED_VARIABLE = YES;
				IPHONEOS_DEPLOYMENT_TARGET = 16.0;
				LOCALIZATION_PREFERS_STRING_CATALOGS = YES;
				MTL_ENABLE_DEBUG_INFO = INCLUDE_SOURCE;
				MTL_FAST_MATH = YES;
				ONLY_ACTIVE_ARCH = YES;
				SDKROOT = iphoneos;
				SWIFT_ACTIVE_COMPILATION_CONDITIONS = "DEBUG $(inherited)";
				SWIFT_OPTIMIZATION_LEVEL = "-Onone";
			};
			name = Debug;
		};
		1E7DC1302B97634000295215 /* Release */ = {
			isa = XCBuildConfiguration;
			buildSettings = {
				ALWAYS_SEARCH_USER_PATHS = NO;
				ASSETCATALOG_COMPILER_GENERATE_SWIFT_ASSET_SYMBOL_EXTENSIONS = YES;
				CLANG_ANALYZER_NONNULL = YES;
				CLANG_ANALYZER_NUMBER_OBJECT_CONVERSION = YES_AGGRESSIVE;
				CLANG_CXX_LANGUAGE_STANDARD = "gnu++20";
				CLANG_ENABLE_MODULES = YES;
				CLANG_ENABLE_OBJC_ARC = YES;
				CLANG_ENABLE_OBJC_WEAK = YES;
				CLANG_WARN_BLOCK_CAPTURE_AUTORELEASING = YES;
				CLANG_WARN_BOOL_CONVERSION = YES;
				CLANG_WARN_COMMA = YES;
				CLANG_WARN_CONSTANT_CONVERSION = YES;
				CLANG_WARN_DEPRECATED_OBJC_IMPLEMENTATIONS = YES;
				CLANG_WARN_DIRECT_OBJC_ISA_USAGE = YES_ERROR;
				CLANG_WARN_DOCUMENTATION_COMMENTS = YES;
				CLANG_WARN_EMPTY_BODY = YES;
				CLANG_WARN_ENUM_CONVERSION = YES;
				CLANG_WARN_INFINITE_RECURSION = YES;
				CLANG_WARN_INT_CONVERSION = YES;
				CLANG_WARN_NON_LITERAL_NULL_CONVERSION = YES;
				CLANG_WARN_OBJC_IMPLICIT_RETAIN_SELF = YES;
				CLANG_WARN_OBJC_LITERAL_CONVERSION = YES;
				CLANG_WARN_OBJC_ROOT_CLASS = YES_ERROR;
				CLANG_WARN_QUOTED_INCLUDE_IN_FRAMEWORK_HEADER = YES;
				CLANG_WARN_RANGE_LOOP_ANALYSIS = YES;
				CLANG_WARN_STRICT_PROTOTYPES = YES;
				CLANG_WARN_SUSPICIOUS_MOVE = YES;
				CLANG_WARN_UNGUARDED_AVAILABILITY = YES_AGGRESSIVE;
				CLANG_WARN_UNREACHABLE_CODE = YES;
				CLANG_WARN__DUPLICATE_METHOD_MATCH = YES;
				COPY_PHASE_STRIP = NO;
				DEBUG_INFORMATION_FORMAT = "dwarf-with-dsym";
				ENABLE_NS_ASSERTIONS = NO;
				ENABLE_STRICT_OBJC_MSGSEND = YES;
				ENABLE_USER_SCRIPT_SANDBOXING = YES;
				GCC_C_LANGUAGE_STANDARD = gnu17;
				GCC_NO_COMMON_BLOCKS = YES;
				GCC_WARN_64_TO_32_BIT_CONVERSION = YES;
				GCC_WARN_ABOUT_RETURN_TYPE = YES_ERROR;
				GCC_WARN_UNDECLARED_SELECTOR = YES;
				GCC_WARN_UNINITIALIZED_AUTOS = YES_AGGRESSIVE;
				GCC_WARN_UNUSED_FUNCTION = YES;
				GCC_WARN_UNUSED_VARIABLE = YES;
				IPHONEOS_DEPLOYMENT_TARGET = 16.0;
				LOCALIZATION_PREFERS_STRING_CATALOGS = YES;
				MTL_ENABLE_DEBUG_INFO = NO;
				MTL_FAST_MATH = YES;
				SDKROOT = iphoneos;
				SWIFT_COMPILATION_MODE = wholemodule;
				VALIDATE_PRODUCT = YES;
			};
			name = Release;
		};
		1E7DC1322B97634000295215 /* Debug */ = {
			isa = XCBuildConfiguration;
			buildSettings = {
				ASSETCATALOG_COMPILER_APPICON_NAME = AppIcon;
				ASSETCATALOG_COMPILER_GLOBAL_ACCENT_COLOR_NAME = AccentColor;
				CODE_SIGN_STYLE = Automatic;
				CURRENT_PROJECT_VERSION = 1;
				DEVELOPMENT_TEAM = 4HU57HU93W;
				GENERATE_INFOPLIST_FILE = YES;
				INFOPLIST_FILE = iWeather/Support/Info.plist;
				INFOPLIST_KEY_UIApplicationSupportsIndirectInputEvents = YES;
				INFOPLIST_KEY_UILaunchStoryboardName = LaunchScreen;
				INFOPLIST_KEY_UIStatusBarStyle = "";
				INFOPLIST_KEY_UISupportedInterfaceOrientations = UIInterfaceOrientationPortrait;
				INFOPLIST_KEY_UISupportedInterfaceOrientations_iPad = "UIInterfaceOrientationLandscapeLeft UIInterfaceOrientationLandscapeRight UIInterfaceOrientationPortrait UIInterfaceOrientationPortraitUpsideDown";
				LD_RUNPATH_SEARCH_PATHS = (
					"$(inherited)",
					"@executable_path/Frameworks",
				);
				MARKETING_VERSION = 1.0;
				PRODUCT_BUNDLE_IDENTIFIER = app.NS.iWeather.iWeather;
				PRODUCT_NAME = "$(TARGET_NAME)";
				SUPPORTED_PLATFORMS = "iphoneos iphonesimulator";
				SUPPORTS_MACCATALYST = NO;
				SUPPORTS_MAC_DESIGNED_FOR_IPHONE_IPAD = NO;
				SUPPORTS_XR_DESIGNED_FOR_IPHONE_IPAD = NO;
				SWIFT_EMIT_LOC_STRINGS = YES;
				SWIFT_VERSION = 5.0;
				TARGETED_DEVICE_FAMILY = 1;
			};
			name = Debug;
		};
		1E7DC1332B97634000295215 /* Release */ = {
			isa = XCBuildConfiguration;
			buildSettings = {
				ASSETCATALOG_COMPILER_APPICON_NAME = AppIcon;
				ASSETCATALOG_COMPILER_GLOBAL_ACCENT_COLOR_NAME = AccentColor;
				CODE_SIGN_STYLE = Automatic;
				CURRENT_PROJECT_VERSION = 1;
				DEVELOPMENT_TEAM = 4HU57HU93W;
				GENERATE_INFOPLIST_FILE = YES;
				INFOPLIST_FILE = iWeather/Support/Info.plist;
				INFOPLIST_KEY_UIApplicationSupportsIndirectInputEvents = YES;
				INFOPLIST_KEY_UILaunchStoryboardName = LaunchScreen;
				INFOPLIST_KEY_UIStatusBarStyle = "";
				INFOPLIST_KEY_UISupportedInterfaceOrientations = UIInterfaceOrientationPortrait;
				INFOPLIST_KEY_UISupportedInterfaceOrientations_iPad = "UIInterfaceOrientationLandscapeLeft UIInterfaceOrientationLandscapeRight UIInterfaceOrientationPortrait UIInterfaceOrientationPortraitUpsideDown";
				LD_RUNPATH_SEARCH_PATHS = (
					"$(inherited)",
					"@executable_path/Frameworks",
				);
				MARKETING_VERSION = 1.0;
				PRODUCT_BUNDLE_IDENTIFIER = app.NS.iWeather.iWeather;
				PRODUCT_NAME = "$(TARGET_NAME)";
				SUPPORTED_PLATFORMS = "iphoneos iphonesimulator";
				SUPPORTS_MACCATALYST = NO;
				SUPPORTS_MAC_DESIGNED_FOR_IPHONE_IPAD = NO;
				SUPPORTS_XR_DESIGNED_FOR_IPHONE_IPAD = NO;
				SWIFT_EMIT_LOC_STRINGS = YES;
				SWIFT_VERSION = 5.0;
				TARGETED_DEVICE_FAMILY = 1;
			};
			name = Release;
		};
/* End XCBuildConfiguration section */

/* Begin XCConfigurationList section */
		1E7DC1182B97633D00295215 /* Build configuration list for PBXProject "iWeather" */ = {
			isa = XCConfigurationList;
			buildConfigurations = (
				1E7DC12F2B97634000295215 /* Debug */,
				1E7DC1302B97634000295215 /* Release */,
			);
			defaultConfigurationIsVisible = 0;
			defaultConfigurationName = Release;
		};
		1E7DC1312B97634000295215 /* Build configuration list for PBXNativeTarget "iWeather" */ = {
			isa = XCConfigurationList;
			buildConfigurations = (
				1E7DC1322B97634000295215 /* Debug */,
				1E7DC1332B97634000295215 /* Release */,
			);
			defaultConfigurationIsVisible = 0;
			defaultConfigurationName = Release;
		};
/* End XCConfigurationList section */

/* Begin XCRemoteSwiftPackageReference section */
		1E135DDE2BA9838800E860E7 /* XCRemoteSwiftPackageReference "Kingfisher" */ = {
			isa = XCRemoteSwiftPackageReference;
			repositoryURL = "https://github.com/onevcat/Kingfisher";
			requirement = {
				kind = upToNextMajorVersion;
				minimumVersion = 7.11.0;
			};
		};
		1E537C232BA41CD6003D66BF /* XCRemoteSwiftPackageReference "SVGKit" */ = {
			isa = XCRemoteSwiftPackageReference;
			repositoryURL = "https://github.com/SVGKit/SVGKit";
			requirement = {
				kind = upToNextMajorVersion;
				minimumVersion = 3.0.0;
			};
		};
/* End XCRemoteSwiftPackageReference section */

/* Begin XCSwiftPackageProductDependency section */
		1E135DDF2BA9838800E860E7 /* Kingfisher */ = {
			isa = XCSwiftPackageProductDependency;
			package = 1E135DDE2BA9838800E860E7 /* XCRemoteSwiftPackageReference "Kingfisher" */;
			productName = Kingfisher;
		};
		1E537C242BA41CD6003D66BF /* SVGKit */ = {
			isa = XCSwiftPackageProductDependency;
			package = 1E537C232BA41CD6003D66BF /* XCRemoteSwiftPackageReference "SVGKit" */;
			productName = SVGKit;
		};
		1E537C262BA41CD6003D66BF /* SVGKitSwift */ = {
			isa = XCSwiftPackageProductDependency;
			package = 1E537C232BA41CD6003D66BF /* XCRemoteSwiftPackageReference "SVGKit" */;
			productName = SVGKitSwift;
		};
/* End XCSwiftPackageProductDependency section */
	};
	rootObject = 1E7DC1152B97633D00295215 /* Project object */;
}
